
Microsoft Visual Studio Solution File, Format Version 12.00
# Visual Studio Version 17
VisualStudioVersion = 17.0.32014.148
MinimumVisualStudioVersion = 10.0.40219.1
Project("{FAE04EC0-301F-11D3-BF4B-00C04F79EFBC}") = "Gym Management System", "Gym Management System\Gym Management System.csproj", "{D29A99FF-E1B5-4DBA-AB9D-656D18EF8046}"
EndProject
Global
	GlobalSection(SolutionConfigurationPlatforms) = preSolution
		Debug|Any CPU = Debug|Any CPU
		Release|Any CPU = Release|Any CPU
	EndGlobalSection
	GlobalSection(ProjectConfigurationPlatforms) = postSolution
		{D29A99FF-E1B5-4DBA-AB9D-656D18EF8046}.Debug|Any CPU.ActiveCfg = Debug|Any CPU
		{D29A99FF-E1B5-4DBA-AB9D-656D18EF8046}.Debug|Any CPU.Build.0 = Debug|Any CPU
		{D29A99FF-E1B5-4DBA-AB9D-656D18EF8046}.Release|Any CPU.ActiveCfg = Release|Any CPU
		{D29A99FF-E1B5-4DBA-AB9D-656D18EF8046}.Release|Any CPU.Build.0 = Release|Any CPU
	EndGlobalSection
	GlobalSection(SolutionProperties) = preSolution
		HideSolutionNode = FALSE
	EndGlobalSection
	GlobalSection(ExtensibilityGlobals) = postSolution
		SolutionGuid = {929F4E97-56EF-4007-9093-B51793AB36B9}
	EndGlobalSection
EndGlobal
